
Microsoft Visual Studio Solution File, Format Version 12.00
# Visual Studio 15
VisualStudioVersion = 15.0.27428.2005
MinimumVisualStudioVersion = 10.0.40219.1
Project("{2150E333-8FDC-42A3-9474-1A3956D46DE8}") = "src", "src", "{0C7019A2-8F2E-486E-9A17-886706AD33CD}"
EndProject
Project("{2150E333-8FDC-42A3-9474-1A3956D46DE8}") = "test", "test", "{D6BEC558-F433-4EC8-8415-6F893F94D62D}"
EndProject
Project("{9A19103F-16F7-4668-BE54-9A1E7A4F7556}") = "ThoughtHaven.Azure.Storage", "src\ThoughtHaven.Azure.Storage\ThoughtHaven.Azure.Storage.csproj", "{5786AD4D-C488-42C5-9935-1101C5451371}"
EndProject
Project("{9A19103F-16F7-4668-BE54-9A1E7A4F7556}") = "ThoughtHaven.Azure.Storage.Test", "test\ThoughtHaven.Azure.Storage.Test\ThoughtHaven.Azure.Storage.Test.csproj", "{556B898B-7DD5-46E8-A4FB-35F57AE5D453}"
EndProject
Project("{FAE04EC0-301F-11D3-BF4B-00C04F79EFBC}") = "ThoughtHaven.Data.AzureTableStorage", "src\ThoughtHaven.Data.AzureTableStorage\ThoughtHaven.Data.AzureTableStorage.csproj", "{1B05BA0B-64E1-4491-A422-05B65131FE32}"
EndProject
Project("{FAE04EC0-301F-11D3-BF4B-00C04F79EFBC}") = "ThoughtHaven.Data.AzureTableStorage.Test", "test\ThoughtHaven.Data.AzureTableStorage.Test\ThoughtHaven.Data.AzureTableStorage.Test.csproj", "{56C519E1-8374-44A3-8FA8-DE5B33A77768}"
EndProject
Global
	GlobalSection(SolutionConfigurationPlatforms) = preSolution
		Debug|Any CPU = Debug|Any CPU
		Release|Any CPU = Release|Any CPU
	EndGlobalSection
	GlobalSection(ProjectConfigurationPlatforms) = postSolution
		{5786AD4D-C488-42C5-9935-1101C5451371}.Debug|Any CPU.ActiveCfg = Debug|Any CPU
		{5786AD4D-C488-42C5-9935-1101C5451371}.Debug|Any CPU.Build.0 = Debug|Any CPU
		{5786AD4D-C488-42C5-9935-1101C5451371}.Release|Any CPU.ActiveCfg = Release|Any CPU
		{5786AD4D-C488-42C5-9935-1101C5451371}.Release|Any CPU.Build.0 = Release|Any CPU
		{556B898B-7DD5-46E8-A4FB-35F57AE5D453}.Debug|Any CPU.ActiveCfg = Debug|Any CPU
		{556B898B-7DD5-46E8-A4FB-35F57AE5D453}.Debug|Any CPU.Build.0 = Debug|Any CPU
		{556B898B-7DD5-46E8-A4FB-35F57AE5D453}.Release|Any CPU.ActiveCfg = Release|Any CPU
		{556B898B-7DD5-46E8-A4FB-35F57AE5D453}.Release|Any CPU.Build.0 = Release|Any CPU
		{1B05BA0B-64E1-4491-A422-05B65131FE32}.Debug|Any CPU.ActiveCfg = Debug|Any CPU
		{1B05BA0B-64E1-4491-A422-05B65131FE32}.Debug|Any CPU.Build.0 = Debug|Any CPU
		{1B05BA0B-64E1-4491-A422-05B65131FE32}.Release|Any CPU.ActiveCfg = Release|Any CPU
		{1B05BA0B-64E1-4491-A422-05B65131FE32}.Release|Any CPU.Build.0 = Release|Any CPU
		{56C519E1-8374-44A3-8FA8-DE5B33A77768}.Debug|Any CPU.ActiveCfg = Debug|Any CPU
		{56C519E1-8374-44A3-8FA8-DE5B33A77768}.Debug|Any CPU.Build.0 = Debug|Any CPU
		{56C519E1-8374-44A3-8FA8-DE5B33A77768}.Release|Any CPU.ActiveCfg = Release|Any CPU
		{56C519E1-8374-44A3-8FA8-DE5B33A77768}.Release|Any CPU.Build.0 = Release|Any CPU
	EndGlobalSection
	GlobalSection(SolutionProperties) = preSolution
		HideSolutionNode = FALSE
	EndGlobalSection
	GlobalSection(NestedProjects) = preSolution
		{5786AD4D-C488-42C5-9935-1101C5451371} = {0C7019A2-8F2E-486E-9A17-886706AD33CD}
		{556B898B-7DD5-46E8-A4FB-35F57AE5D453} = {D6BEC558-F433-4EC8-8415-6F893F94D62D}
		{1B05BA0B-64E1-4491-A422-05B65131FE32} = {0C7019A2-8F2E-486E-9A17-886706AD33CD}
		{56C519E1-8374-44A3-8FA8-DE5B33A77768} = {D6BEC558-F433-4EC8-8415-6F893F94D62D}
	EndGlobalSection
	GlobalSection(ExtensibilityGlobals) = postSolution
		SolutionGuid = {3CB6E9F6-3A2C-4CA5-9843-738ACCB1D1DA}
	EndGlobalSection
EndGlobal
